
Microsoft Visual Studio Solution File, Format Version 12.00
# Visual Studio Version 16
VisualStudioVersion = 16.0.31911.196
MinimumVisualStudioVersion = 10.0.40219.1
Project("{FAE04EC0-301F-11D3-BF4B-00C04F79EFBC}") = "Sharp-Dater", "Sharp-Dater\Sharp-Dater.csproj", "{0C37F58B-6796-4F38-A811-2074B02CB4F5}"
EndProject
Project("{FAE04EC0-301F-11D3-BF4B-00C04F79EFBC}") = "Example", "Example\Example.csproj", "{F7870AAF-7094-43CD-B93B-1AEBE94718D7}"
EndProject
Global
	GlobalSection(SolutionConfigurationPlatforms) = preSolution
		Debug|Any CPU = Debug|Any CPU
		Release|Any CPU = Release|Any CPU
	EndGlobalSection
	GlobalSection(ProjectConfigurationPlatforms) = postSolution
		{0C37F58B-6796-4F38-A811-2074B02CB4F5}.Debug|Any CPU.ActiveCfg = Debug|Any CPU
		{0C37F58B-6796-4F38-A811-2074B02CB4F5}.Debug|Any CPU.Build.0 = Debug|Any CPU
		{0C37F58B-6796-4F38-A811-2074B02CB4F5}.Release|Any CPU.ActiveCfg = Release|Any CPU
		{0C37F58B-6796-4F38-A811-2074B02CB4F5}.Release|Any CPU.Build.0 = Release|Any CPU
		{F7870AAF-7094-43CD-B93B-1AEBE94718D7}.Debug|Any CPU.ActiveCfg = Debug|Any CPU
		{F7870AAF-7094-43CD-B93B-1AEBE94718D7}.Debug|Any CPU.Build.0 = Debug|Any CPU
		{F7870AAF-7094-43CD-B93B-1AEBE94718D7}.Release|Any CPU.ActiveCfg = Release|Any CPU
		{F7870AAF-7094-43CD-B93B-1AEBE94718D7}.Release|Any CPU.Build.0 = Release|Any CPU
	EndGlobalSection
	GlobalSection(SolutionProperties) = preSolution
		HideSolutionNode = FALSE
	EndGlobalSection
	GlobalSection(ExtensibilityGlobals) = postSolution
		SolutionGuid = {22FA25E3-03F9-4893-A33C-D9C985CC325B}
	EndGlobalSection
EndGlobal
